
Microsoft Visual Studio Solution File, Format Version 12.00
# Visual Studio Version 17
VisualStudioVersion = 17.2.32616.157
MinimumVisualStudioVersion = 10.0.40219.1
Project("{FAE04EC0-301F-11D3-BF4B-00C04F79EFBC}") = "Reservroom", "Reservroom\Reservroom.csproj", "{0FE2651E-C244-40FF-A539-3D33F5AAF2B7}"
EndProject
Global
	GlobalSection(SolutionConfigurationPlatforms) = preSolution
		Debug|Any CPU = Debug|Any CPU
		Release|Any CPU = Release|Any CPU
	EndGlobalSection
	GlobalSection(ProjectConfigurationPlatforms) = postSolution
		{0FE2651E-C244-40FF-A539-3D33F5AAF2B7}.Debug|Any CPU.ActiveCfg = Debug|Any CPU
		{0FE2651E-C244-40FF-A539-3D33F5AAF2B7}.Debug|Any CPU.Build.0 = Debug|Any CPU
		{0FE2651E-C244-40FF-A539-3D33F5AAF2B7}.Release|Any CPU.ActiveCfg = Release|Any CPU
		{0FE2651E-C244-40FF-A539-3D33F5AAF2B7}.Release|Any CPU.Build.0 = Release|Any CPU
	EndGlobalSection
	GlobalSection(SolutionProperties) = preSolution
		HideSolutionNode = FALSE
	EndGlobalSection
	GlobalSection(ExtensibilityGlobals) = postSolution
		SolutionGuid = {17B51179-06BC-43E4-84FC-127B6DD4A933}
	EndGlobalSection
EndGlobal
